
Microsoft Visual Studio Solution File, Format Version 12.00
Project("{FAE04EC0-301F-11D3-BF4B-00C04F79EFBC}") = "Sic.CountryInfos.SourceGenerator", "src\Sic.CountryInfos.SourceGenerator\Sic.CountryInfos.SourceGenerator.csproj", "{81776553-EAE0-4175-A420-139D62581314}"
EndProject
Project("{FAE04EC0-301F-11D3-BF4B-00C04F79EFBC}") = "Sic.CountryInfos", "src\Sic.CountryInfos\Sic.CountryInfos.csproj", "{C70F58AE-B3E2-4983-8FA9-EE57EE13FE8C}"
EndProject
Project("{FAE04EC0-301F-11D3-BF4B-00C04F79EFBC}") = "Sic.CountryInfos.SourceGenerator.Tests", "tests\Sic.CountryInfos.SourceGenerator.Tests\Sic.CountryInfos.SourceGenerator.Tests.csproj", "{BFBF0AE3-B07F-4BE1-B6D6-412CEEA942E9}"
EndProject
Project("{2150E333-8FDC-42A3-9474-1A3956D46DE8}") = "misc", "misc", "{304BFADA-BD43-4CED-A4EB-2BE9F86C7225}"
	ProjectSection(SolutionItems) = preProject
		LICENSE = LICENSE
		README.MD = README.MD
	EndProjectSection
EndProject
Project("{2150E333-8FDC-42A3-9474-1A3956D46DE8}") = "src", "src", "{ECF13CA6-EDF7-4FA1-9DE6-15B82142313F}"
EndProject
Project("{2150E333-8FDC-42A3-9474-1A3956D46DE8}") = "tests", "tests", "{24105A69-E33B-49F7-94C7-7A8ED3D37733}"
EndProject
Global
	GlobalSection(SolutionConfigurationPlatforms) = preSolution
		Debug|Any CPU = Debug|Any CPU
		Release|Any CPU = Release|Any CPU
	EndGlobalSection
	GlobalSection(ProjectConfigurationPlatforms) = postSolution
		{81776553-EAE0-4175-A420-139D62581314}.Debug|Any CPU.ActiveCfg = Debug|Any CPU
		{81776553-EAE0-4175-A420-139D62581314}.Debug|Any CPU.Build.0 = Debug|Any CPU
		{81776553-EAE0-4175-A420-139D62581314}.Release|Any CPU.ActiveCfg = Release|Any CPU
		{81776553-EAE0-4175-A420-139D62581314}.Release|Any CPU.Build.0 = Release|Any CPU
		{C70F58AE-B3E2-4983-8FA9-EE57EE13FE8C}.Debug|Any CPU.ActiveCfg = Debug|Any CPU
		{C70F58AE-B3E2-4983-8FA9-EE57EE13FE8C}.Debug|Any CPU.Build.0 = Debug|Any CPU
		{C70F58AE-B3E2-4983-8FA9-EE57EE13FE8C}.Release|Any CPU.ActiveCfg = Release|Any CPU
		{C70F58AE-B3E2-4983-8FA9-EE57EE13FE8C}.Release|Any CPU.Build.0 = Release|Any CPU
		{BFBF0AE3-B07F-4BE1-B6D6-412CEEA942E9}.Debug|Any CPU.ActiveCfg = Debug|Any CPU
		{BFBF0AE3-B07F-4BE1-B6D6-412CEEA942E9}.Debug|Any CPU.Build.0 = Debug|Any CPU
		{BFBF0AE3-B07F-4BE1-B6D6-412CEEA942E9}.Release|Any CPU.ActiveCfg = Release|Any CPU
		{BFBF0AE3-B07F-4BE1-B6D6-412CEEA942E9}.Release|Any CPU.Build.0 = Release|Any CPU
	EndGlobalSection
	GlobalSection(NestedProjects) = preSolution
		{C70F58AE-B3E2-4983-8FA9-EE57EE13FE8C} = {ECF13CA6-EDF7-4FA1-9DE6-15B82142313F}
		{81776553-EAE0-4175-A420-139D62581314} = {ECF13CA6-EDF7-4FA1-9DE6-15B82142313F}
		{BFBF0AE3-B07F-4BE1-B6D6-412CEEA942E9} = {24105A69-E33B-49F7-94C7-7A8ED3D37733}
	EndGlobalSection
EndGlobal
